
Microsoft Visual Studio Solution File, Format Version 12.00
# Visual Studio Version 17
VisualStudioVersion = 17.0.32014.148
MinimumVisualStudioVersion = 10.0.40219.1
Project("{8BC9CEB8-8B4A-11D0-8D11-00A0C91BC942}") = "HomeWork", "HomeWork\HomeWork.vcxproj", "{D3A61B16-48F5-433B-85A7-3D4F211FD2C4}"
EndProject
Project("{8BC9CEB8-8B4A-11D0-8D11-00A0C91BC942}") = "HomeWork220113", "HomeWork220113\HomeWork220113.vcxproj", "{326B22F9-62A5-4E86-AD64-E4B112DDBB88}"
EndProject
Project("{8BC9CEB8-8B4A-11D0-8D11-00A0C91BC942}") = "HomeWork220114", "HomeWork220114\HomeWork220114.vcxproj", "{11E70A1A-F425-44A9-9185-9FD4D683CC5E}"
EndProject
Project("{8BC9CEB8-8B4A-11D0-8D11-00A0C91BC942}") = "HomeWork220117", "HomeWork220117\HomeWork220117.vcxproj", "{7F0E1136-32C6-4C28-A97A-9FAA6EACF9C2}"
EndProject
Global
	GlobalSection(SolutionConfigurationPlatforms) = preSolution
		Debug|x64 = Debug|x64
		Debug|x86 = Debug|x86
		Release|x64 = Release|x64
		Release|x86 = Release|x86
	EndGlobalSection
	GlobalSection(ProjectConfigurationPlatforms) = postSolution
		{D3A61B16-48F5-433B-85A7-3D4F211FD2C4}.Debug|x64.ActiveCfg = Debug|x64
		{D3A61B16-48F5-433B-85A7-3D4F211FD2C4}.Debug|x64.Build.0 = Debug|x64
		{D3A61B16-48F5-433B-85A7-3D4F211FD2C4}.Debug|x86.ActiveCfg = Debug|Win32
		{D3A61B16-48F5-433B-85A7-3D4F211FD2C4}.Debug|x86.Build.0 = Debug|Win32
		{D3A61B16-48F5-433B-85A7-3D4F211FD2C4}.Release|x64.ActiveCfg = Release|x64
		{D3A61B16-48F5-433B-85A7-3D4F211FD2C4}.Release|x64.Build.0 = Release|x64
		{D3A61B16-48F5-433B-85A7-3D4F211FD2C4}.Release|x86.ActiveCfg = Release|Win32
		{D3A61B16-48F5-433B-85A7-3D4F211FD2C4}.Release|x86.Build.0 = Release|Win32
		{326B22F9-62A5-4E86-AD64-E4B112DDBB88}.Debug|x64.ActiveCfg = Debug|x64
		{326B22F9-62A5-4E86-AD64-E4B112DDBB88}.Debug|x64.Build.0 = Debug|x64
		{326B22F9-62A5-4E86-AD64-E4B112DDBB88}.Debug|x86.ActiveCfg = Debug|Win32
		{326B22F9-62A5-4E86-AD64-E4B112DDBB88}.Debug|x86.Build.0 = Debug|Win32
		{326B22F9-62A5-4E86-AD64-E4B112DDBB88}.Release|x64.ActiveCfg = Release|x64
		{326B22F9-62A5-4E86-AD64-E4B112DDBB88}.Release|x64.Build.0 = Release|x64
		{326B22F9-62A5-4E86-AD64-E4B112DDBB88}.Release|x86.ActiveCfg = Release|Win32
		{326B22F9-62A5-4E86-AD64-E4B112DDBB88}.Release|x86.Build.0 = Release|Win32
		{11E70A1A-F425-44A9-9185-9FD4D683CC5E}.Debug|x64.ActiveCfg = Debug|x64
		{11E70A1A-F425-44A9-9185-9FD4D683CC5E}.Debug|x64.Build.0 = Debug|x64
		{11E70A1A-F425-44A9-9185-9FD4D683CC5E}.Debug|x86.ActiveCfg = Debug|Win32
		{11E70A1A-F425-44A9-9185-9FD4D683CC5E}.Debug|x86.Build.0 = Debug|Win32
		{11E70A1A-F425-44A9-9185-9FD4D683CC5E}.Release|x64.ActiveCfg = Release|x64
		{11E70A1A-F425-44A9-9185-9FD4D683CC5E}.Release|x64.Build.0 = Release|x64
		{11E70A1A-F425-44A9-9185-9FD4D683CC5E}.Release|x86.ActiveCfg = Release|Win32
		{11E70A1A-F425-44A9-9185-9FD4D683CC5E}.Release|x86.Build.0 = Release|Win32
		{7F0E1136-32C6-4C28-A97A-9FAA6EACF9C2}.Debug|x64.ActiveCfg = Debug|x64
		{7F0E1136-32C6-4C28-A97A-9FAA6EACF9C2}.Debug|x64.Build.0 = Debug|x64
		{7F0E1136-32C6-4C28-A97A-9FAA6EACF9C2}.Debug|x86.ActiveCfg = Debug|Win32
		{7F0E1136-32C6-4C28-A97A-9FAA6EACF9C2}.Debug|x86.Build.0 = Debug|Win32
		{7F0E1136-32C6-4C28-A97A-9FAA6EACF9C2}.Release|x64.ActiveCfg = Release|x64
		{7F0E1136-32C6-4C28-A97A-9FAA6EACF9C2}.Release|x64.Build.0 = Release|x64
		{7F0E1136-32C6-4C28-A97A-9FAA6EACF9C2}.Release|x86.ActiveCfg = Release|Win32
		{7F0E1136-32C6-4C28-A97A-9FAA6EACF9C2}.Release|x86.Build.0 = Release|Win32
	EndGlobalSection
	GlobalSection(SolutionProperties) = preSolution
		HideSolutionNode = FALSE
	EndGlobalSection
	GlobalSection(ExtensibilityGlobals) = postSolution
		SolutionGuid = {DD140FE4-DF28-41B0-A3D9-0838D54755EC}
	EndGlobalSection
EndGlobal
