
Microsoft Visual Studio Solution File, Format Version 12.00
# Visual Studio Version 17
VisualStudioVersion = 17.0.32014.148
MinimumVisualStudioVersion = 10.0.40219.1
Project("{2150E333-8FDC-42A3-9474-1A3956D46DE8}") = "Doc", "Doc", "{C00FDE0D-884A-45E5-9112-57E20BB75BCC}"
	ProjectSection(SolutionItems) = preProject
		Error.txt = Error.txt
		Git 사용법.txt = Git 사용법.txt
		검색 순위.txt = 검색 순위.txt
		단어 및 용어.txt = 단어 및 용어.txt
		단축키.txt = 단축키.txt
		리턴값에 대한 의미.txt = 리턴값에 대한 의미.txt
		비쥬얼 스튜디오 개념.txt = 비쥬얼 스튜디오 개념.txt
		포트폴리오 난이도 주의점.txt = 포트폴리오 난이도 주의점.txt
		프로그램 근본원리.txt = 프로그램 근본원리.txt
	EndProjectSection
EndProject
Project("{8BC9CEB8-8B4A-11D0-8D11-00A0C91BC942}") = "00AR40START", "00AR40START\00AR40START.vcxproj", "{316BCC49-07D7-4D36-B21B-E2F4E73E3A1D}"
EndProject
Project("{8BC9CEB8-8B4A-11D0-8D11-00A0C91BC942}") = "01Complie", "01Complie\01Complie.vcxproj", "{AE189B25-ED63-435E-84AD-BD3C0DE2AB82}"
EndProject
Project("{8BC9CEB8-8B4A-11D0-8D11-00A0C91BC942}") = "02Debug", "02Debug\02Debug.vcxproj", "{A575FA5F-FD2B-4A42-86D2-48C4D1FD6DF6}"
EndProject
Project("{8BC9CEB8-8B4A-11D0-8D11-00A0C91BC942}") = "03MemoryAndThread", "03MemoryAndThread\03MemoryAndThread.vcxproj", "{AF34B9E4-7BF6-4538-9FBB-5D0AD9E8FD9C}"
EndProject
Project("{8BC9CEB8-8B4A-11D0-8D11-00A0C91BC942}") = "04Var00", "04Var00\04Var00.vcxproj", "{9D160296-72DD-4237-B895-C8A0B8163664}"
EndProject
Project("{8BC9CEB8-8B4A-11D0-8D11-00A0C91BC942}") = "05Type", "05 Type\05 Type.vcxproj", "{AFDE42AD-E930-4690-80DC-5C2F8C9B373F}"
EndProject
Project("{8BC9CEB8-8B4A-11D0-8D11-00A0C91BC942}") = "06Operator", "06Operator\06Operator.vcxproj", "{DB1ECBD3-DC22-4678-A2AC-83774A1818E0}"
EndProject
Project("{8BC9CEB8-8B4A-11D0-8D11-00A0C91BC942}") = "07BitOprerator", "07BitOprerator\07BitOprerator.vcxproj", "{AB5E9CF2-DF0D-4261-A1B0-2C599AEAAB44}"
EndProject
Project("{8BC9CEB8-8B4A-11D0-8D11-00A0C91BC942}") = "08OperatorEx", "08OperatorEx\08OperatorEx.vcxproj", "{119E7986-A7F6-4A23-BCD6-1CBDBC38BA0E}"
EndProject
Project("{8BC9CEB8-8B4A-11D0-8D11-00A0C91BC942}") = "09Scope", "09Scope\09Scope.vcxproj", "{C9281022-58E4-49F7-985F-476B967D021C}"
EndProject
Project("{8BC9CEB8-8B4A-11D0-8D11-00A0C91BC942}") = "10Function", "10Function\10Function.vcxproj", "{928D825B-C1BF-4A6D-AE89-840BBA11D601}"
EndProject
Project("{8BC9CEB8-8B4A-11D0-8D11-00A0C91BC942}") = "11FunctionParameter", "11FunctionParameter\11FunctionParameter.vcxproj", "{9D9448A9-E71A-43D1-AEAD-CBBC6FAC6CBE}"
EndProject
Project("{8BC9CEB8-8B4A-11D0-8D11-00A0C91BC942}") = "12FunctionOverloading", "12FunctionOverloading\12FunctionOverloading.vcxproj", "{35459EE6-67BE-484A-8384-9C512452F840}"
EndProject
Project("{8BC9CEB8-8B4A-11D0-8D11-00A0C91BC942}") = "13GlobalVar", "13GlobalVar\13GlobalVar.vcxproj", "{46F48B08-AAD8-409B-B502-3F973288F481}"
EndProject
Project("{8BC9CEB8-8B4A-11D0-8D11-00A0C91BC942}") = "14Pointer", "14Pointer\14Pointer.vcxproj", "{968FAD5B-9858-4F08-B4A0-B29AA291CB8F}"
EndProject
Project("{8BC9CEB8-8B4A-11D0-8D11-00A0C91BC942}") = "15PointerEx", "15PointerEx\15PointerEx.vcxproj", "{83420DAC-5AA6-4792-86A0-173A3297D774}"
EndProject
Project("{8BC9CEB8-8B4A-11D0-8D11-00A0C91BC942}") = "16Unsigned", "16Unsigned\16Unsigned.vcxproj", "{B1BC963D-89DD-430A-AFF8-BBE913380786}"
EndProject
Project("{8BC9CEB8-8B4A-11D0-8D11-00A0C91BC942}") = "17PointerOperator", "17PointerOperator\17PointerOperator.vcxproj", "{7D4A8329-8C5B-4B86-B65B-F5B0182E85B1}"
EndProject
Project("{8BC9CEB8-8B4A-11D0-8D11-00A0C91BC942}") = "18PointerConvert", "18PointerConvert\18PointerConvert.vcxproj", "{11DCE8A8-54C8-4A05-84F4-D9BE987F39BC}"
EndProject
Project("{8BC9CEB8-8B4A-11D0-8D11-00A0C91BC942}") = "19Array", "19Array\19Array.vcxproj", "{25062435-322B-426A-B712-3C27A96EFB67}"
EndProject
Project("{8BC9CEB8-8B4A-11D0-8D11-00A0C91BC942}") = "20PointerOperatorEx", "20PointerOperatorEx\20PointerOperatorEx.vcxproj", "{A0D01384-929D-437C-BF49-D462FD3A8985}"
EndProject
Project("{8BC9CEB8-8B4A-11D0-8D11-00A0C91BC942}") = "21PointerToFunction", "21PointerToFunction\21PointerToFunction.vcxproj", "{C358F236-8498-4417-A246-70DE1AA5B9E6}"
EndProject
Project("{8BC9CEB8-8B4A-11D0-8D11-00A0C91BC942}") = "22AddressTest", "22AddressTest\22AddressTest.vcxproj", "{7CE2E6E8-E5A8-498E-B5E6-9D7A9D224168}"
EndProject
Project("{8BC9CEB8-8B4A-11D0-8D11-00A0C91BC942}") = "23if", "23if\23if.vcxproj", "{7AD9B124-E377-4257-B003-38C1FE69B74A}"
EndProject
Project("{8BC9CEB8-8B4A-11D0-8D11-00A0C91BC942}") = "24Switch", "24Switch\24Switch.vcxproj", "{63086A09-A78B-41D5-A985-36FAF7E2E506}"
EndProject
Project("{8BC9CEB8-8B4A-11D0-8D11-00A0C91BC942}") = "25White", "25White\25White.vcxproj", "{3A45AFF7-6715-49FB-AB36-0183E4C3EE39}"
EndProject
Project("{8BC9CEB8-8B4A-11D0-8D11-00A0C91BC942}") = "26for", "26for\26for.vcxproj", "{11BDF89C-B6A5-4766-A6B7-4B685247927F}"
EndProject
Project("{2150E333-8FDC-42A3-9474-1A3956D46DE8}") = "HomeWork", "HomeWork", "{23B86ACC-DFF0-4120-A84D-9D02F47F0DA0}"
EndProject
Project("{8BC9CEB8-8B4A-11D0-8D11-00A0C91BC942}") = "Homework220112", "Homework220112\Homework220112.vcxproj", "{2FE43555-883C-4AC4-A476-EDB2F3905FDA}"
EndProject
Project("{8BC9CEB8-8B4A-11D0-8D11-00A0C91BC942}") = "26Prinf", "26Prinf\26Prinf.vcxproj", "{E9093A32-62A6-4CCA-9FCD-F72F0A9E0F9F}"
EndProject
Project("{8BC9CEB8-8B4A-11D0-8D11-00A0C91BC942}") = "27String", "27String\27String.vcxproj", "{84EE2073-00C9-431F-B99D-54170B9B5348}"
EndProject
Project("{8BC9CEB8-8B4A-11D0-8D11-00A0C91BC942}") = "28Const", "28Const\28Const.vcxproj", "{98478C0F-CDAF-4006-9EA6-C5A9CF1C2124}"
EndProject
Project("{8BC9CEB8-8B4A-11D0-8D11-00A0C91BC942}") = "29StringEx", "29StringEx\29StringEx.vcxproj", "{FCA0AD2B-4444-4ACD-B24D-418844F36D80}"
EndProject
Project("{8BC9CEB8-8B4A-11D0-8D11-00A0C91BC942}") = "HomeWork220113", "HomeWork220113\HomeWork220113.vcxproj", "{A928D494-E8C2-4C7D-A272-63D69B27DBF2}"
EndProject
Project("{8BC9CEB8-8B4A-11D0-8D11-00A0C91BC942}") = "HomeWork220114", "HomeWork220114\HomeWork220114.vcxproj", "{1F702156-0FB6-49F6-9B95-09483D5B100A}"
EndProject
Project("{8BC9CEB8-8B4A-11D0-8D11-00A0C91BC942}") = "30DPointer", "30DPointer\30DPointer.vcxproj", "{2C8D8CC1-7733-4BDD-8D10-58A4439EE319}"
EndProject
Project("{8BC9CEB8-8B4A-11D0-8D11-00A0C91BC942}") = "31Nullptr", "31Nullptr\31Nullptr.vcxproj", "{846A5ECA-58B8-4EA1-97C4-E92635F977F3}"
EndProject
Project("{8BC9CEB8-8B4A-11D0-8D11-00A0C91BC942}") = "32Class", "32Class\32Class.vcxproj", "{5B15DCF8-41DE-4328-A0D3-0F19AB4242F9}"
EndProject
Project("{8BC9CEB8-8B4A-11D0-8D11-00A0C91BC942}") = "33Member", "33Member\33Member.vcxproj", "{99242D44-5C56-4D6B-8820-23EAE03C60A8}"
EndProject
Project("{8BC9CEB8-8B4A-11D0-8D11-00A0C91BC942}") = "34UserType", "34UserType\34UserType.vcxproj", "{4A1621F5-0DED-4A89-9405-3FD92CF7A2D4}"
EndProject
Project("{8BC9CEB8-8B4A-11D0-8D11-00A0C91BC942}") = "35ClassAccess", "35ClassAccess\35ClassAccess.vcxproj", "{12D54641-F5EF-4A7F-8B7D-65441C2442AD}"
EndProject
Project("{8BC9CEB8-8B4A-11D0-8D11-00A0C91BC942}") = "36Memory", "36Memory\36Memory.vcxproj", "{F32F14E5-C3FA-4312-97EA-69E18CEBED5A}"
EndProject
Project("{8BC9CEB8-8B4A-11D0-8D11-00A0C91BC942}") = "37Constructer", "37Constructer\37Constructer.vcxproj", "{F3C6806B-A1BB-4FE0-BE5F-765FA8BD20F8}"
EndProject
Project("{8BC9CEB8-8B4A-11D0-8D11-00A0C91BC942}") = "38Ref", "38Ref\38Ref.vcxproj", "{639CE9FC-0EC2-4EEB-9C3A-EE4B3D0FA5DA}"
EndProject
Project("{8BC9CEB8-8B4A-11D0-8D11-00A0C91BC942}") = "39PointerValue", "39PointerValue\39PointerValue.vcxproj", "{B93399B0-7E8C-4236-8D90-A3591F45FA4D}"
EndProject
Project("{2150E333-8FDC-42A3-9474-1A3956D46DE8}") = "ConsoleGame", "ConsoleGame", "{DEE2E787-85D2-4EB9-9017-9BFE49490EE3}"
EndProject
Project("{8BC9CEB8-8B4A-11D0-8D11-00A0C91BC942}") = "TestTextRpg", "TestTextRpg\TestTextRpg.vcxproj", "{5961DFB6-D6CB-44AE-8B02-A6998BD18A22}"
EndProject
Project("{8BC9CEB8-8B4A-11D0-8D11-00A0C91BC942}") = "40BreakContinue", "40BreakContinue\40BreakContinue.vcxproj", "{F1D969A1-58AF-48D5-9363-E0F250D6C84A}"
EndProject
Project("{8BC9CEB8-8B4A-11D0-8D11-00A0C91BC942}") = "41Declaration", "41Declaration\41Declaration.vcxproj", "{F8D38FCF-C9C9-44E3-99DD-F6F524826226}"
EndProject
Project("{8BC9CEB8-8B4A-11D0-8D11-00A0C91BC942}") = "42RangeCheckOperator", "42RangeCheckOperator\42RangeCheckOperator.vcxproj", "{B64EA9BF-FB36-47F9-B083-5F8766A97A10}"
EndProject
Project("{8BC9CEB8-8B4A-11D0-8D11-00A0C91BC942}") = "43RangeCheckOperator", "43RangeCheckOperator\43RangeCheckOperator.vcxproj", "{5EF5710A-2B58-4148-BD0F-E2245B100423}"
EndProject
Project("{8BC9CEB8-8B4A-11D0-8D11-00A0C91BC942}") = "44HeaderAndCpp", "44HeaderAndCpp\44HeaderAndCpp.vcxproj", "{7040AF8A-3F7E-47B4-A344-3FE089A49000}"
EndProject
Project("{8BC9CEB8-8B4A-11D0-8D11-00A0C91BC942}") = "45HeaderrecursionError", "45HeaderrecursionError\45HeaderrecursionError.vcxproj", "{37EC9BFE-BB0B-448B-9A14-FE8A53645F6B}"
EndProject
Project("{8BC9CEB8-8B4A-11D0-8D11-00A0C91BC942}") = "46This", "46This\46This.vcxproj", "{1A6B1ACE-10AB-4E74-9DB5-4BFF89D145C7}"
EndProject
Project("{8BC9CEB8-8B4A-11D0-8D11-00A0C91BC942}") = "TextRpgExt", "TextRpgExt\TextRpgExt.vcxproj", "{52228C8B-2EB6-4469-A37F-1079E736D699}"
EndProject
Project("{8BC9CEB8-8B4A-11D0-8D11-00A0C91BC942}") = "47PrintfTest", "47PrintfTest\47PrintfTest.vcxproj", "{A06ADCAE-5585-412B-BB13-31E1AF6375C1}"
EndProject
Project("{8BC9CEB8-8B4A-11D0-8D11-00A0C91BC942}") = "48NameSpace", "48NameSpace\48NameSpace.vcxproj", "{36EE9E72-48DC-44EA-BE6B-C6278909E9C0}"
EndProject
Project("{8BC9CEB8-8B4A-11D0-8D11-00A0C91BC942}") = "49ClassOperator", "49ClassOperator\49ClassOperator.vcxproj", "{2B75F4F3-77A0-41A7-A872-6FFEBC1B1F8F}"
EndProject
Global
	GlobalSection(SolutionConfigurationPlatforms) = preSolution
		Debug|x64 = Debug|x64
		Debug|x86 = Debug|x86
		Release|x64 = Release|x64
		Release|x86 = Release|x86
	EndGlobalSection
	GlobalSection(ProjectConfigurationPlatforms) = postSolution
		{316BCC49-07D7-4D36-B21B-E2F4E73E3A1D}.Debug|x64.ActiveCfg = Debug|x64
		{316BCC49-07D7-4D36-B21B-E2F4E73E3A1D}.Debug|x64.Build.0 = Debug|x64
		{316BCC49-07D7-4D36-B21B-E2F4E73E3A1D}.Debug|x86.ActiveCfg = Debug|Win32
		{316BCC49-07D7-4D36-B21B-E2F4E73E3A1D}.Debug|x86.Build.0 = Debug|Win32
		{316BCC49-07D7-4D36-B21B-E2F4E73E3A1D}.Release|x64.ActiveCfg = Release|x64
		{316BCC49-07D7-4D36-B21B-E2F4E73E3A1D}.Release|x64.Build.0 = Release|x64
		{316BCC49-07D7-4D36-B21B-E2F4E73E3A1D}.Release|x86.ActiveCfg = Release|Win32
		{316BCC49-07D7-4D36-B21B-E2F4E73E3A1D}.Release|x86.Build.0 = Release|Win32
		{AE189B25-ED63-435E-84AD-BD3C0DE2AB82}.Debug|x64.ActiveCfg = Debug|x64
		{AE189B25-ED63-435E-84AD-BD3C0DE2AB82}.Debug|x64.Build.0 = Debug|x64
		{AE189B25-ED63-435E-84AD-BD3C0DE2AB82}.Debug|x86.ActiveCfg = Debug|Win32
		{AE189B25-ED63-435E-84AD-BD3C0DE2AB82}.Debug|x86.Build.0 = Debug|Win32
		{AE189B25-ED63-435E-84AD-BD3C0DE2AB82}.Release|x64.ActiveCfg = Release|x64
		{AE189B25-ED63-435E-84AD-BD3C0DE2AB82}.Release|x64.Build.0 = Release|x64
		{AE189B25-ED63-435E-84AD-BD3C0DE2AB82}.Release|x86.ActiveCfg = Release|Win32
		{AE189B25-ED63-435E-84AD-BD3C0DE2AB82}.Release|x86.Build.0 = Release|Win32
		{A575FA5F-FD2B-4A42-86D2-48C4D1FD6DF6}.Debug|x64.ActiveCfg = Debug|x64
		{A575FA5F-FD2B-4A42-86D2-48C4D1FD6DF6}.Debug|x64.Build.0 = Debug|x64
		{A575FA5F-FD2B-4A42-86D2-48C4D1FD6DF6}.Debug|x86.ActiveCfg = Debug|Win32
		{A575FA5F-FD2B-4A42-86D2-48C4D1FD6DF6}.Debug|x86.Build.0 = Debug|Win32
		{A575FA5F-FD2B-4A42-86D2-48C4D1FD6DF6}.Release|x64.ActiveCfg = Release|x64
		{A575FA5F-FD2B-4A42-86D2-48C4D1FD6DF6}.Release|x64.Build.0 = Release|x64
		{A575FA5F-FD2B-4A42-86D2-48C4D1FD6DF6}.Release|x86.ActiveCfg = Release|Win32
		{A575FA5F-FD2B-4A42-86D2-48C4D1FD6DF6}.Release|x86.Build.0 = Release|Win32
		{AF34B9E4-7BF6-4538-9FBB-5D0AD9E8FD9C}.Debug|x64.ActiveCfg = Debug|x64
		{AF34B9E4-7BF6-4538-9FBB-5D0AD9E8FD9C}.Debug|x64.Build.0 = Debug|x64
		{AF34B9E4-7BF6-4538-9FBB-5D0AD9E8FD9C}.Debug|x86.ActiveCfg = Debug|Win32
		{AF34B9E4-7BF6-4538-9FBB-5D0AD9E8FD9C}.Debug|x86.Build.0 = Debug|Win32
		{AF34B9E4-7BF6-4538-9FBB-5D0AD9E8FD9C}.Release|x64.ActiveCfg = Release|x64
		{AF34B9E4-7BF6-4538-9FBB-5D0AD9E8FD9C}.Release|x64.Build.0 = Release|x64
		{AF34B9E4-7BF6-4538-9FBB-5D0AD9E8FD9C}.Release|x86.ActiveCfg = Release|Win32
		{AF34B9E4-7BF6-4538-9FBB-5D0AD9E8FD9C}.Release|x86.Build.0 = Release|Win32
		{9D160296-72DD-4237-B895-C8A0B8163664}.Debug|x64.ActiveCfg = Debug|x64
		{9D160296-72DD-4237-B895-C8A0B8163664}.Debug|x64.Build.0 = Debug|x64
		{9D160296-72DD-4237-B895-C8A0B8163664}.Debug|x86.ActiveCfg = Debug|Win32
		{9D160296-72DD-4237-B895-C8A0B8163664}.Debug|x86.Build.0 = Debug|Win32
		{9D160296-72DD-4237-B895-C8A0B8163664}.Release|x64.ActiveCfg = Release|x64
		{9D160296-72DD-4237-B895-C8A0B8163664}.Release|x64.Build.0 = Release|x64
		{9D160296-72DD-4237-B895-C8A0B8163664}.Release|x86.ActiveCfg = Release|Win32
		{9D160296-72DD-4237-B895-C8A0B8163664}.Release|x86.Build.0 = Release|Win32
		{AFDE42AD-E930-4690-80DC-5C2F8C9B373F}.Debug|x64.ActiveCfg = Debug|x64
		{AFDE42AD-E930-4690-80DC-5C2F8C9B373F}.Debug|x64.Build.0 = Debug|x64
		{AFDE42AD-E930-4690-80DC-5C2F8C9B373F}.Debug|x86.ActiveCfg = Debug|Win32
		{AFDE42AD-E930-4690-80DC-5C2F8C9B373F}.Debug|x86.Build.0 = Debug|Win32
		{AFDE42AD-E930-4690-80DC-5C2F8C9B373F}.Release|x64.ActiveCfg = Release|x64
		{AFDE42AD-E930-4690-80DC-5C2F8C9B373F}.Release|x64.Build.0 = Release|x64
		{AFDE42AD-E930-4690-80DC-5C2F8C9B373F}.Release|x86.ActiveCfg = Release|Win32
		{AFDE42AD-E930-4690-80DC-5C2F8C9B373F}.Release|x86.Build.0 = Release|Win32
		{DB1ECBD3-DC22-4678-A2AC-83774A1818E0}.Debug|x64.ActiveCfg = Debug|x64
		{DB1ECBD3-DC22-4678-A2AC-83774A1818E0}.Debug|x64.Build.0 = Debug|x64
		{DB1ECBD3-DC22-4678-A2AC-83774A1818E0}.Debug|x86.ActiveCfg = Debug|Win32
		{DB1ECBD3-DC22-4678-A2AC-83774A1818E0}.Debug|x86.Build.0 = Debug|Win32
		{DB1ECBD3-DC22-4678-A2AC-83774A1818E0}.Release|x64.ActiveCfg = Release|x64
		{DB1ECBD3-DC22-4678-A2AC-83774A1818E0}.Release|x64.Build.0 = Release|x64
		{DB1ECBD3-DC22-4678-A2AC-83774A1818E0}.Release|x86.ActiveCfg = Release|Win32
		{DB1ECBD3-DC22-4678-A2AC-83774A1818E0}.Release|x86.Build.0 = Release|Win32
		{AB5E9CF2-DF0D-4261-A1B0-2C599AEAAB44}.Debug|x64.ActiveCfg = Debug|x64
		{AB5E9CF2-DF0D-4261-A1B0-2C599AEAAB44}.Debug|x64.Build.0 = Debug|x64
		{AB5E9CF2-DF0D-4261-A1B0-2C599AEAAB44}.Debug|x86.ActiveCfg = Debug|Win32
		{AB5E9CF2-DF0D-4261-A1B0-2C599AEAAB44}.Debug|x86.Build.0 = Debug|Win32
		{AB5E9CF2-DF0D-4261-A1B0-2C599AEAAB44}.Release|x64.ActiveCfg = Release|x64
		{AB5E9CF2-DF0D-4261-A1B0-2C599AEAAB44}.Release|x64.Build.0 = Release|x64
		{AB5E9CF2-DF0D-4261-A1B0-2C599AEAAB44}.Release|x86.ActiveCfg = Release|Win32
		{AB5E9CF2-DF0D-4261-A1B0-2C599AEAAB44}.Release|x86.Build.0 = Release|Win32
		{119E7986-A7F6-4A23-BCD6-1CBDBC38BA0E}.Debug|x64.ActiveCfg = Debug|x64
		{119E7986-A7F6-4A23-BCD6-1CBDBC38BA0E}.Debug|x64.Build.0 = Debug|x64
		{119E7986-A7F6-4A23-BCD6-1CBDBC38BA0E}.Debug|x86.ActiveCfg = Debug|Win32
		{119E7986-A7F6-4A23-BCD6-1CBDBC38BA0E}.Debug|x86.Build.0 = Debug|Win32
		{119E7986-A7F6-4A23-BCD6-1CBDBC38BA0E}.Release|x64.ActiveCfg = Release|x64
		{119E7986-A7F6-4A23-BCD6-1CBDBC38BA0E}.Release|x64.Build.0 = Release|x64
		{119E7986-A7F6-4A23-BCD6-1CBDBC38BA0E}.Release|x86.ActiveCfg = Release|Win32
		{119E7986-A7F6-4A23-BCD6-1CBDBC38BA0E}.Release|x86.Build.0 = Release|Win32
		{C9281022-58E4-49F7-985F-476B967D021C}.Debug|x64.ActiveCfg = Debug|x64
		{C9281022-58E4-49F7-985F-476B967D021C}.Debug|x64.Build.0 = Debug|x64
		{C9281022-58E4-49F7-985F-476B967D021C}.Debug|x86.ActiveCfg = Debug|Win32
		{C9281022-58E4-49F7-985F-476B967D021C}.Debug|x86.Build.0 = Debug|Win32
		{C9281022-58E4-49F7-985F-476B967D021C}.Release|x64.ActiveCfg = Release|x64
		{C9281022-58E4-49F7-985F-476B967D021C}.Release|x64.Build.0 = Release|x64
		{C9281022-58E4-49F7-985F-476B967D021C}.Release|x86.ActiveCfg = Release|Win32
		{C9281022-58E4-49F7-985F-476B967D021C}.Release|x86.Build.0 = Release|Win32
		{928D825B-C1BF-4A6D-AE89-840BBA11D601}.Debug|x64.ActiveCfg = Debug|x64
		{928D825B-C1BF-4A6D-AE89-840BBA11D601}.Debug|x64.Build.0 = Debug|x64
		{928D825B-C1BF-4A6D-AE89-840BBA11D601}.Debug|x86.ActiveCfg = Debug|Win32
		{928D825B-C1BF-4A6D-AE89-840BBA11D601}.Debug|x86.Build.0 = Debug|Win32
		{928D825B-C1BF-4A6D-AE89-840BBA11D601}.Release|x64.ActiveCfg = Release|x64
		{928D825B-C1BF-4A6D-AE89-840BBA11D601}.Release|x64.Build.0 = Release|x64
		{928D825B-C1BF-4A6D-AE89-840BBA11D601}.Release|x86.ActiveCfg = Release|Win32
		{928D825B-C1BF-4A6D-AE89-840BBA11D601}.Release|x86.Build.0 = Release|Win32
		{9D9448A9-E71A-43D1-AEAD-CBBC6FAC6CBE}.Debug|x64.ActiveCfg = Debug|x64
		{9D9448A9-E71A-43D1-AEAD-CBBC6FAC6CBE}.Debug|x64.Build.0 = Debug|x64
		{9D9448A9-E71A-43D1-AEAD-CBBC6FAC6CBE}.Debug|x86.ActiveCfg = Debug|Win32
		{9D9448A9-E71A-43D1-AEAD-CBBC6FAC6CBE}.Debug|x86.Build.0 = Debug|Win32
		{9D9448A9-E71A-43D1-AEAD-CBBC6FAC6CBE}.Release|x64.ActiveCfg = Release|x64
		{9D9448A9-E71A-43D1-AEAD-CBBC6FAC6CBE}.Release|x64.Build.0 = Release|x64
		{9D9448A9-E71A-43D1-AEAD-CBBC6FAC6CBE}.Release|x86.ActiveCfg = Release|Win32
		{9D9448A9-E71A-43D1-AEAD-CBBC6FAC6CBE}.Release|x86.Build.0 = Release|Win32
		{35459EE6-67BE-484A-8384-9C512452F840}.Debug|x64.ActiveCfg = Debug|x64
		{35459EE6-67BE-484A-8384-9C512452F840}.Debug|x64.Build.0 = Debug|x64
		{35459EE6-67BE-484A-8384-9C512452F840}.Debug|x86.ActiveCfg = Debug|Win32
		{35459EE6-67BE-484A-8384-9C512452F840}.Debug|x86.Build.0 = Debug|Win32
		{35459EE6-67BE-484A-8384-9C512452F840}.Release|x64.ActiveCfg = Release|x64
		{35459EE6-67BE-484A-8384-9C512452F840}.Release|x64.Build.0 = Release|x64
		{35459EE6-67BE-484A-8384-9C512452F840}.Release|x86.ActiveCfg = Release|Win32
		{35459EE6-67BE-484A-8384-9C512452F840}.Release|x86.Build.0 = Release|Win32
		{46F48B08-AAD8-409B-B502-3F973288F481}.Debug|x64.ActiveCfg = Debug|x64
		{46F48B08-AAD8-409B-B502-3F973288F481}.Debug|x64.Build.0 = Debug|x64
		{46F48B08-AAD8-409B-B502-3F973288F481}.Debug|x86.ActiveCfg = Debug|Win32
		{46F48B08-AAD8-409B-B502-3F973288F481}.Debug|x86.Build.0 = Debug|Win32
		{46F48B08-AAD8-409B-B502-3F973288F481}.Release|x64.ActiveCfg = Release|x64
		{46F48B08-AAD8-409B-B502-3F973288F481}.Release|x64.Build.0 = Release|x64
		{46F48B08-AAD8-409B-B502-3F973288F481}.Release|x86.ActiveCfg = Release|Win32
		{46F48B08-AAD8-409B-B502-3F973288F481}.Release|x86.Build.0 = Release|Win32
		{968FAD5B-9858-4F08-B4A0-B29AA291CB8F}.Debug|x64.ActiveCfg = Debug|x64
		{968FAD5B-9858-4F08-B4A0-B29AA291CB8F}.Debug|x64.Build.0 = Debug|x64
		{968FAD5B-9858-4F08-B4A0-B29AA291CB8F}.Debug|x86.ActiveCfg = Debug|Win32
		{968FAD5B-9858-4F08-B4A0-B29AA291CB8F}.Debug|x86.Build.0 = Debug|Win32
		{968FAD5B-9858-4F08-B4A0-B29AA291CB8F}.Release|x64.ActiveCfg = Release|x64
		{968FAD5B-9858-4F08-B4A0-B29AA291CB8F}.Release|x64.Build.0 = Release|x64
		{968FAD5B-9858-4F08-B4A0-B29AA291CB8F}.Release|x86.ActiveCfg = Release|Win32
		{968FAD5B-9858-4F08-B4A0-B29AA291CB8F}.Release|x86.Build.0 = Release|Win32
		{83420DAC-5AA6-4792-86A0-173A3297D774}.Debug|x64.ActiveCfg = Debug|x64
		{83420DAC-5AA6-4792-86A0-173A3297D774}.Debug|x64.Build.0 = Debug|x64
		{83420DAC-5AA6-4792-86A0-173A3297D774}.Debug|x86.ActiveCfg = Debug|Win32
		{83420DAC-5AA6-4792-86A0-173A3297D774}.Debug|x86.Build.0 = Debug|Win32
		{83420DAC-5AA6-4792-86A0-173A3297D774}.Release|x64.ActiveCfg = Release|x64
		{83420DAC-5AA6-4792-86A0-173A3297D774}.Release|x64.Build.0 = Release|x64
		{83420DAC-5AA6-4792-86A0-173A3297D774}.Release|x86.ActiveCfg = Release|Win32
		{83420DAC-5AA6-4792-86A0-173A3297D774}.Release|x86.Build.0 = Release|Win32
		{B1BC963D-89DD-430A-AFF8-BBE913380786}.Debug|x64.ActiveCfg = Debug|x64
		{B1BC963D-89DD-430A-AFF8-BBE913380786}.Debug|x64.Build.0 = Debug|x64
		{B1BC963D-89DD-430A-AFF8-BBE913380786}.Debug|x86.ActiveCfg = Debug|Win32
		{B1BC963D-89DD-430A-AFF8-BBE913380786}.Debug|x86.Build.0 = Debug|Win32
		{B1BC963D-89DD-430A-AFF8-BBE913380786}.Release|x64.ActiveCfg = Release|x64
		{B1BC963D-89DD-430A-AFF8-BBE913380786}.Release|x64.Build.0 = Release|x64
		{B1BC963D-89DD-430A-AFF8-BBE913380786}.Release|x86.ActiveCfg = Release|Win32
		{B1BC963D-89DD-430A-AFF8-BBE913380786}.Release|x86.Build.0 = Release|Win32
		{7D4A8329-8C5B-4B86-B65B-F5B0182E85B1}.Debug|x64.ActiveCfg = Debug|x64
		{7D4A8329-8C5B-4B86-B65B-F5B0182E85B1}.Debug|x64.Build.0 = Debug|x64
		{7D4A8329-8C5B-4B86-B65B-F5B0182E85B1}.Debug|x86.ActiveCfg = Debug|Win32
		{7D4A8329-8C5B-4B86-B65B-F5B0182E85B1}.Debug|x86.Build.0 = Debug|Win32
		{7D4A8329-8C5B-4B86-B65B-F5B0182E85B1}.Release|x64.ActiveCfg = Release|x64
		{7D4A8329-8C5B-4B86-B65B-F5B0182E85B1}.Release|x64.Build.0 = Release|x64
		{7D4A8329-8C5B-4B86-B65B-F5B0182E85B1}.Release|x86.ActiveCfg = Release|Win32
		{7D4A8329-8C5B-4B86-B65B-F5B0182E85B1}.Release|x86.Build.0 = Release|Win32
		{11DCE8A8-54C8-4A05-84F4-D9BE987F39BC}.Debug|x64.ActiveCfg = Debug|x64
		{11DCE8A8-54C8-4A05-84F4-D9BE987F39BC}.Debug|x64.Build.0 = Debug|x64
		{11DCE8A8-54C8-4A05-84F4-D9BE987F39BC}.Debug|x86.ActiveCfg = Debug|Win32
		{11DCE8A8-54C8-4A05-84F4-D9BE987F39BC}.Debug|x86.Build.0 = Debug|Win32
		{11DCE8A8-54C8-4A05-84F4-D9BE987F39BC}.Release|x64.ActiveCfg = Release|x64
		{11DCE8A8-54C8-4A05-84F4-D9BE987F39BC}.Release|x64.Build.0 = Release|x64
		{11DCE8A8-54C8-4A05-84F4-D9BE987F39BC}.Release|x86.ActiveCfg = Release|Win32
		{11DCE8A8-54C8-4A05-84F4-D9BE987F39BC}.Release|x86.Build.0 = Release|Win32
		{25062435-322B-426A-B712-3C27A96EFB67}.Debug|x64.ActiveCfg = Debug|x64
		{25062435-322B-426A-B712-3C27A96EFB67}.Debug|x64.Build.0 = Debug|x64
		{25062435-322B-426A-B712-3C27A96EFB67}.Debug|x86.ActiveCfg = Debug|Win32
		{25062435-322B-426A-B712-3C27A96EFB67}.Debug|x86.Build.0 = Debug|Win32
		{25062435-322B-426A-B712-3C27A96EFB67}.Release|x64.ActiveCfg = Release|x64
		{25062435-322B-426A-B712-3C27A96EFB67}.Release|x64.Build.0 = Release|x64
		{25062435-322B-426A-B712-3C27A96EFB67}.Release|x86.ActiveCfg = Release|Win32
		{25062435-322B-426A-B712-3C27A96EFB67}.Release|x86.Build.0 = Release|Win32
		{A0D01384-929D-437C-BF49-D462FD3A8985}.Debug|x64.ActiveCfg = Debug|x64
		{A0D01384-929D-437C-BF49-D462FD3A8985}.Debug|x64.Build.0 = Debug|x64
		{A0D01384-929D-437C-BF49-D462FD3A8985}.Debug|x86.ActiveCfg = Debug|Win32
		{A0D01384-929D-437C-BF49-D462FD3A8985}.Debug|x86.Build.0 = Debug|Win32
		{A0D01384-929D-437C-BF49-D462FD3A8985}.Release|x64.ActiveCfg = Release|x64
		{A0D01384-929D-437C-BF49-D462FD3A8985}.Release|x64.Build.0 = Release|x64
		{A0D01384-929D-437C-BF49-D462FD3A8985}.Release|x86.ActiveCfg = Release|Win32
		{A0D01384-929D-437C-BF49-D462FD3A8985}.Release|x86.Build.0 = Release|Win32
		{C358F236-8498-4417-A246-70DE1AA5B9E6}.Debug|x64.ActiveCfg = Debug|x64
		{C358F236-8498-4417-A246-70DE1AA5B9E6}.Debug|x64.Build.0 = Debug|x64
		{C358F236-8498-4417-A246-70DE1AA5B9E6}.Debug|x86.ActiveCfg = Debug|Win32
		{C358F236-8498-4417-A246-70DE1AA5B9E6}.Debug|x86.Build.0 = Debug|Win32
		{C358F236-8498-4417-A246-70DE1AA5B9E6}.Release|x64.ActiveCfg = Release|x64
		{C358F236-8498-4417-A246-70DE1AA5B9E6}.Release|x64.Build.0 = Release|x64
		{C358F236-8498-4417-A246-70DE1AA5B9E6}.Release|x86.ActiveCfg = Release|Win32
		{C358F236-8498-4417-A246-70DE1AA5B9E6}.Release|x86.Build.0 = Release|Win32
		{7CE2E6E8-E5A8-498E-B5E6-9D7A9D224168}.Debug|x64.ActiveCfg = Debug|x64
		{7CE2E6E8-E5A8-498E-B5E6-9D7A9D224168}.Debug|x64.Build.0 = Debug|x64
		{7CE2E6E8-E5A8-498E-B5E6-9D7A9D224168}.Debug|x86.ActiveCfg = Debug|Win32
		{7CE2E6E8-E5A8-498E-B5E6-9D7A9D224168}.Debug|x86.Build.0 = Debug|Win32
		{7CE2E6E8-E5A8-498E-B5E6-9D7A9D224168}.Release|x64.ActiveCfg = Release|x64
		{7CE2E6E8-E5A8-498E-B5E6-9D7A9D224168}.Release|x64.Build.0 = Release|x64
		{7CE2E6E8-E5A8-498E-B5E6-9D7A9D224168}.Release|x86.ActiveCfg = Release|Win32
		{7CE2E6E8-E5A8-498E-B5E6-9D7A9D224168}.Release|x86.Build.0 = Release|Win32
		{7AD9B124-E377-4257-B003-38C1FE69B74A}.Debug|x64.ActiveCfg = Debug|x64
		{7AD9B124-E377-4257-B003-38C1FE69B74A}.Debug|x64.Build.0 = Debug|x64
		{7AD9B124-E377-4257-B003-38C1FE69B74A}.Debug|x86.ActiveCfg = Debug|Win32
		{7AD9B124-E377-4257-B003-38C1FE69B74A}.Debug|x86.Build.0 = Debug|Win32
		{7AD9B124-E377-4257-B003-38C1FE69B74A}.Release|x64.ActiveCfg = Release|x64
		{7AD9B124-E377-4257-B003-38C1FE69B74A}.Release|x64.Build.0 = Release|x64
		{7AD9B124-E377-4257-B003-38C1FE69B74A}.Release|x86.ActiveCfg = Release|Win32
		{7AD9B124-E377-4257-B003-38C1FE69B74A}.Release|x86.Build.0 = Release|Win32
		{63086A09-A78B-41D5-A985-36FAF7E2E506}.Debug|x64.ActiveCfg = Debug|x64
		{63086A09-A78B-41D5-A985-36FAF7E2E506}.Debug|x64.Build.0 = Debug|x64
		{63086A09-A78B-41D5-A985-36FAF7E2E506}.Debug|x86.ActiveCfg = Debug|Win32
		{63086A09-A78B-41D5-A985-36FAF7E2E506}.Debug|x86.Build.0 = Debug|Win32
		{63086A09-A78B-41D5-A985-36FAF7E2E506}.Release|x64.ActiveCfg = Release|x64
		{63086A09-A78B-41D5-A985-36FAF7E2E506}.Release|x64.Build.0 = Release|x64
		{63086A09-A78B-41D5-A985-36FAF7E2E506}.Release|x86.ActiveCfg = Release|Win32
		{63086A09-A78B-41D5-A985-36FAF7E2E506}.Release|x86.Build.0 = Release|Win32
		{3A45AFF7-6715-49FB-AB36-0183E4C3EE39}.Debug|x64.ActiveCfg = Debug|x64
		{3A45AFF7-6715-49FB-AB36-0183E4C3EE39}.Debug|x64.Build.0 = Debug|x64
		{3A45AFF7-6715-49FB-AB36-0183E4C3EE39}.Debug|x86.ActiveCfg = Debug|Win32
		{3A45AFF7-6715-49FB-AB36-0183E4C3EE39}.Debug|x86.Build.0 = Debug|Win32
		{3A45AFF7-6715-49FB-AB36-0183E4C3EE39}.Release|x64.ActiveCfg = Release|x64
		{3A45AFF7-6715-49FB-AB36-0183E4C3EE39}.Release|x64.Build.0 = Release|x64
		{3A45AFF7-6715-49FB-AB36-0183E4C3EE39}.Release|x86.ActiveCfg = Release|Win32
		{3A45AFF7-6715-49FB-AB36-0183E4C3EE39}.Release|x86.Build.0 = Release|Win32
		{11BDF89C-B6A5-4766-A6B7-4B685247927F}.Debug|x64.ActiveCfg = Debug|x64
		{11BDF89C-B6A5-4766-A6B7-4B685247927F}.Debug|x64.Build.0 = Debug|x64
		{11BDF89C-B6A5-4766-A6B7-4B685247927F}.Debug|x86.ActiveCfg = Debug|Win32
		{11BDF89C-B6A5-4766-A6B7-4B685247927F}.Debug|x86.Build.0 = Debug|Win32
		{11BDF89C-B6A5-4766-A6B7-4B685247927F}.Release|x64.ActiveCfg = Release|x64
		{11BDF89C-B6A5-4766-A6B7-4B685247927F}.Release|x64.Build.0 = Release|x64
		{11BDF89C-B6A5-4766-A6B7-4B685247927F}.Release|x86.ActiveCfg = Release|Win32
		{11BDF89C-B6A5-4766-A6B7-4B685247927F}.Release|x86.Build.0 = Release|Win32
		{2FE43555-883C-4AC4-A476-EDB2F3905FDA}.Debug|x64.ActiveCfg = Debug|x64
		{2FE43555-883C-4AC4-A476-EDB2F3905FDA}.Debug|x64.Build.0 = Debug|x64
		{2FE43555-883C-4AC4-A476-EDB2F3905FDA}.Debug|x86.ActiveCfg = Debug|Win32
		{2FE43555-883C-4AC4-A476-EDB2F3905FDA}.Debug|x86.Build.0 = Debug|Win32
		{2FE43555-883C-4AC4-A476-EDB2F3905FDA}.Release|x64.ActiveCfg = Release|x64
		{2FE43555-883C-4AC4-A476-EDB2F3905FDA}.Release|x64.Build.0 = Release|x64
		{2FE43555-883C-4AC4-A476-EDB2F3905FDA}.Release|x86.ActiveCfg = Release|Win32
		{2FE43555-883C-4AC4-A476-EDB2F3905FDA}.Release|x86.Build.0 = Release|Win32
		{E9093A32-62A6-4CCA-9FCD-F72F0A9E0F9F}.Debug|x64.ActiveCfg = Debug|x64
		{E9093A32-62A6-4CCA-9FCD-F72F0A9E0F9F}.Debug|x64.Build.0 = Debug|x64
		{E9093A32-62A6-4CCA-9FCD-F72F0A9E0F9F}.Debug|x86.ActiveCfg = Debug|Win32
		{E9093A32-62A6-4CCA-9FCD-F72F0A9E0F9F}.Debug|x86.Build.0 = Debug|Win32
		{E9093A32-62A6-4CCA-9FCD-F72F0A9E0F9F}.Release|x64.ActiveCfg = Release|x64
		{E9093A32-62A6-4CCA-9FCD-F72F0A9E0F9F}.Release|x64.Build.0 = Release|x64
		{E9093A32-62A6-4CCA-9FCD-F72F0A9E0F9F}.Release|x86.ActiveCfg = Release|Win32
		{E9093A32-62A6-4CCA-9FCD-F72F0A9E0F9F}.Release|x86.Build.0 = Release|Win32
		{84EE2073-00C9-431F-B99D-54170B9B5348}.Debug|x64.ActiveCfg = Debug|x64
		{84EE2073-00C9-431F-B99D-54170B9B5348}.Debug|x64.Build.0 = Debug|x64
		{84EE2073-00C9-431F-B99D-54170B9B5348}.Debug|x86.ActiveCfg = Debug|Win32
		{84EE2073-00C9-431F-B99D-54170B9B5348}.Debug|x86.Build.0 = Debug|Win32
		{84EE2073-00C9-431F-B99D-54170B9B5348}.Release|x64.ActiveCfg = Release|x64
		{84EE2073-00C9-431F-B99D-54170B9B5348}.Release|x64.Build.0 = Release|x64
		{84EE2073-00C9-431F-B99D-54170B9B5348}.Release|x86.ActiveCfg = Release|Win32
		{84EE2073-00C9-431F-B99D-54170B9B5348}.Release|x86.Build.0 = Release|Win32
		{98478C0F-CDAF-4006-9EA6-C5A9CF1C2124}.Debug|x64.ActiveCfg = Debug|x64
		{98478C0F-CDAF-4006-9EA6-C5A9CF1C2124}.Debug|x64.Build.0 = Debug|x64
		{98478C0F-CDAF-4006-9EA6-C5A9CF1C2124}.Debug|x86.ActiveCfg = Debug|Win32
		{98478C0F-CDAF-4006-9EA6-C5A9CF1C2124}.Debug|x86.Build.0 = Debug|Win32
		{98478C0F-CDAF-4006-9EA6-C5A9CF1C2124}.Release|x64.ActiveCfg = Release|x64
		{98478C0F-CDAF-4006-9EA6-C5A9CF1C2124}.Release|x64.Build.0 = Release|x64
		{98478C0F-CDAF-4006-9EA6-C5A9CF1C2124}.Release|x86.ActiveCfg = Release|Win32
		{98478C0F-CDAF-4006-9EA6-C5A9CF1C2124}.Release|x86.Build.0 = Release|Win32
		{FCA0AD2B-4444-4ACD-B24D-418844F36D80}.Debug|x64.ActiveCfg = Debug|x64
		{FCA0AD2B-4444-4ACD-B24D-418844F36D80}.Debug|x64.Build.0 = Debug|x64
		{FCA0AD2B-4444-4ACD-B24D-418844F36D80}.Debug|x86.ActiveCfg = Debug|Win32
		{FCA0AD2B-4444-4ACD-B24D-418844F36D80}.Debug|x86.Build.0 = Debug|Win32
		{FCA0AD2B-4444-4ACD-B24D-418844F36D80}.Release|x64.ActiveCfg = Release|x64
		{FCA0AD2B-4444-4ACD-B24D-418844F36D80}.Release|x64.Build.0 = Release|x64
		{FCA0AD2B-4444-4ACD-B24D-418844F36D80}.Release|x86.ActiveCfg = Release|Win32
		{FCA0AD2B-4444-4ACD-B24D-418844F36D80}.Release|x86.Build.0 = Release|Win32
		{A928D494-E8C2-4C7D-A272-63D69B27DBF2}.Debug|x64.ActiveCfg = Debug|x64
		{A928D494-E8C2-4C7D-A272-63D69B27DBF2}.Debug|x64.Build.0 = Debug|x64
		{A928D494-E8C2-4C7D-A272-63D69B27DBF2}.Debug|x86.ActiveCfg = Debug|Win32
		{A928D494-E8C2-4C7D-A272-63D69B27DBF2}.Debug|x86.Build.0 = Debug|Win32
		{A928D494-E8C2-4C7D-A272-63D69B27DBF2}.Release|x64.ActiveCfg = Release|x64
		{A928D494-E8C2-4C7D-A272-63D69B27DBF2}.Release|x64.Build.0 = Release|x64
		{A928D494-E8C2-4C7D-A272-63D69B27DBF2}.Release|x86.ActiveCfg = Release|Win32
		{A928D494-E8C2-4C7D-A272-63D69B27DBF2}.Release|x86.Build.0 = Release|Win32
		{1F702156-0FB6-49F6-9B95-09483D5B100A}.Debug|x64.ActiveCfg = Debug|x64
		{1F702156-0FB6-49F6-9B95-09483D5B100A}.Debug|x64.Build.0 = Debug|x64
		{1F702156-0FB6-49F6-9B95-09483D5B100A}.Debug|x86.ActiveCfg = Debug|Win32
		{1F702156-0FB6-49F6-9B95-09483D5B100A}.Debug|x86.Build.0 = Debug|Win32
		{1F702156-0FB6-49F6-9B95-09483D5B100A}.Release|x64.ActiveCfg = Release|x64
		{1F702156-0FB6-49F6-9B95-09483D5B100A}.Release|x64.Build.0 = Release|x64
		{1F702156-0FB6-49F6-9B95-09483D5B100A}.Release|x86.ActiveCfg = Release|Win32
		{1F702156-0FB6-49F6-9B95-09483D5B100A}.Release|x86.Build.0 = Release|Win32
		{2C8D8CC1-7733-4BDD-8D10-58A4439EE319}.Debug|x64.ActiveCfg = Debug|x64
		{2C8D8CC1-7733-4BDD-8D10-58A4439EE319}.Debug|x64.Build.0 = Debug|x64
		{2C8D8CC1-7733-4BDD-8D10-58A4439EE319}.Debug|x86.ActiveCfg = Debug|Win32
		{2C8D8CC1-7733-4BDD-8D10-58A4439EE319}.Debug|x86.Build.0 = Debug|Win32
		{2C8D8CC1-7733-4BDD-8D10-58A4439EE319}.Release|x64.ActiveCfg = Release|x64
		{2C8D8CC1-7733-4BDD-8D10-58A4439EE319}.Release|x64.Build.0 = Release|x64
		{2C8D8CC1-7733-4BDD-8D10-58A4439EE319}.Release|x86.ActiveCfg = Release|Win32
		{2C8D8CC1-7733-4BDD-8D10-58A4439EE319}.Release|x86.Build.0 = Release|Win32
		{846A5ECA-58B8-4EA1-97C4-E92635F977F3}.Debug|x64.ActiveCfg = Debug|x64
		{846A5ECA-58B8-4EA1-97C4-E92635F977F3}.Debug|x64.Build.0 = Debug|x64
		{846A5ECA-58B8-4EA1-97C4-E92635F977F3}.Debug|x86.ActiveCfg = Debug|Win32
		{846A5ECA-58B8-4EA1-97C4-E92635F977F3}.Debug|x86.Build.0 = Debug|Win32
		{846A5ECA-58B8-4EA1-97C4-E92635F977F3}.Release|x64.ActiveCfg = Release|x64
		{846A5ECA-58B8-4EA1-97C4-E92635F977F3}.Release|x64.Build.0 = Release|x64
		{846A5ECA-58B8-4EA1-97C4-E92635F977F3}.Release|x86.ActiveCfg = Release|Win32
		{846A5ECA-58B8-4EA1-97C4-E92635F977F3}.Release|x86.Build.0 = Release|Win32
		{5B15DCF8-41DE-4328-A0D3-0F19AB4242F9}.Debug|x64.ActiveCfg = Debug|x64
		{5B15DCF8-41DE-4328-A0D3-0F19AB4242F9}.Debug|x64.Build.0 = Debug|x64
		{5B15DCF8-41DE-4328-A0D3-0F19AB4242F9}.Debug|x86.ActiveCfg = Debug|Win32
		{5B15DCF8-41DE-4328-A0D3-0F19AB4242F9}.Debug|x86.Build.0 = Debug|Win32
		{5B15DCF8-41DE-4328-A0D3-0F19AB4242F9}.Release|x64.ActiveCfg = Release|x64
		{5B15DCF8-41DE-4328-A0D3-0F19AB4242F9}.Release|x64.Build.0 = Release|x64
		{5B15DCF8-41DE-4328-A0D3-0F19AB4242F9}.Release|x86.ActiveCfg = Release|Win32
		{5B15DCF8-41DE-4328-A0D3-0F19AB4242F9}.Release|x86.Build.0 = Release|Win32
		{99242D44-5C56-4D6B-8820-23EAE03C60A8}.Debug|x64.ActiveCfg = Debug|x64
		{99242D44-5C56-4D6B-8820-23EAE03C60A8}.Debug|x64.Build.0 = Debug|x64
		{99242D44-5C56-4D6B-8820-23EAE03C60A8}.Debug|x86.ActiveCfg = Debug|Win32
		{99242D44-5C56-4D6B-8820-23EAE03C60A8}.Debug|x86.Build.0 = Debug|Win32
		{99242D44-5C56-4D6B-8820-23EAE03C60A8}.Release|x64.ActiveCfg = Release|x64
		{99242D44-5C56-4D6B-8820-23EAE03C60A8}.Release|x64.Build.0 = Release|x64
		{99242D44-5C56-4D6B-8820-23EAE03C60A8}.Release|x86.ActiveCfg = Release|Win32
		{99242D44-5C56-4D6B-8820-23EAE03C60A8}.Release|x86.Build.0 = Release|Win32
		{4A1621F5-0DED-4A89-9405-3FD92CF7A2D4}.Debug|x64.ActiveCfg = Debug|x64
		{4A1621F5-0DED-4A89-9405-3FD92CF7A2D4}.Debug|x64.Build.0 = Debug|x64
		{4A1621F5-0DED-4A89-9405-3FD92CF7A2D4}.Debug|x86.ActiveCfg = Debug|Win32
		{4A1621F5-0DED-4A89-9405-3FD92CF7A2D4}.Debug|x86.Build.0 = Debug|Win32
		{4A1621F5-0DED-4A89-9405-3FD92CF7A2D4}.Release|x64.ActiveCfg = Release|x64
		{4A1621F5-0DED-4A89-9405-3FD92CF7A2D4}.Release|x64.Build.0 = Release|x64
		{4A1621F5-0DED-4A89-9405-3FD92CF7A2D4}.Release|x86.ActiveCfg = Release|Win32
		{4A1621F5-0DED-4A89-9405-3FD92CF7A2D4}.Release|x86.Build.0 = Release|Win32
		{12D54641-F5EF-4A7F-8B7D-65441C2442AD}.Debug|x64.ActiveCfg = Debug|x64
		{12D54641-F5EF-4A7F-8B7D-65441C2442AD}.Debug|x64.Build.0 = Debug|x64
		{12D54641-F5EF-4A7F-8B7D-65441C2442AD}.Debug|x86.ActiveCfg = Debug|Win32
		{12D54641-F5EF-4A7F-8B7D-65441C2442AD}.Debug|x86.Build.0 = Debug|Win32
		{12D54641-F5EF-4A7F-8B7D-65441C2442AD}.Release|x64.ActiveCfg = Release|x64
		{12D54641-F5EF-4A7F-8B7D-65441C2442AD}.Release|x64.Build.0 = Release|x64
		{12D54641-F5EF-4A7F-8B7D-65441C2442AD}.Release|x86.ActiveCfg = Release|Win32
		{12D54641-F5EF-4A7F-8B7D-65441C2442AD}.Release|x86.Build.0 = Release|Win32
		{F32F14E5-C3FA-4312-97EA-69E18CEBED5A}.Debug|x64.ActiveCfg = Debug|x64
		{F32F14E5-C3FA-4312-97EA-69E18CEBED5A}.Debug|x64.Build.0 = Debug|x64
		{F32F14E5-C3FA-4312-97EA-69E18CEBED5A}.Debug|x86.ActiveCfg = Debug|Win32
		{F32F14E5-C3FA-4312-97EA-69E18CEBED5A}.Debug|x86.Build.0 = Debug|Win32
		{F32F14E5-C3FA-4312-97EA-69E18CEBED5A}.Release|x64.ActiveCfg = Release|x64
		{F32F14E5-C3FA-4312-97EA-69E18CEBED5A}.Release|x64.Build.0 = Release|x64
		{F32F14E5-C3FA-4312-97EA-69E18CEBED5A}.Release|x86.ActiveCfg = Release|Win32
		{F32F14E5-C3FA-4312-97EA-69E18CEBED5A}.Release|x86.Build.0 = Release|Win32
		{F3C6806B-A1BB-4FE0-BE5F-765FA8BD20F8}.Debug|x64.ActiveCfg = Debug|x64
		{F3C6806B-A1BB-4FE0-BE5F-765FA8BD20F8}.Debug|x64.Build.0 = Debug|x64
		{F3C6806B-A1BB-4FE0-BE5F-765FA8BD20F8}.Debug|x86.ActiveCfg = Debug|Win32
		{F3C6806B-A1BB-4FE0-BE5F-765FA8BD20F8}.Debug|x86.Build.0 = Debug|Win32
		{F3C6806B-A1BB-4FE0-BE5F-765FA8BD20F8}.Release|x64.ActiveCfg = Release|x64
		{F3C6806B-A1BB-4FE0-BE5F-765FA8BD20F8}.Release|x64.Build.0 = Release|x64
		{F3C6806B-A1BB-4FE0-BE5F-765FA8BD20F8}.Release|x86.ActiveCfg = Release|Win32
		{F3C6806B-A1BB-4FE0-BE5F-765FA8BD20F8}.Release|x86.Build.0 = Release|Win32
		{639CE9FC-0EC2-4EEB-9C3A-EE4B3D0FA5DA}.Debug|x64.ActiveCfg = Debug|x64
		{639CE9FC-0EC2-4EEB-9C3A-EE4B3D0FA5DA}.Debug|x64.Build.0 = Debug|x64
		{639CE9FC-0EC2-4EEB-9C3A-EE4B3D0FA5DA}.Debug|x86.ActiveCfg = Debug|Win32
		{639CE9FC-0EC2-4EEB-9C3A-EE4B3D0FA5DA}.Debug|x86.Build.0 = Debug|Win32
		{639CE9FC-0EC2-4EEB-9C3A-EE4B3D0FA5DA}.Release|x64.ActiveCfg = Release|x64
		{639CE9FC-0EC2-4EEB-9C3A-EE4B3D0FA5DA}.Release|x64.Build.0 = Release|x64
		{639CE9FC-0EC2-4EEB-9C3A-EE4B3D0FA5DA}.Release|x86.ActiveCfg = Release|Win32
		{639CE9FC-0EC2-4EEB-9C3A-EE4B3D0FA5DA}.Release|x86.Build.0 = Release|Win32
		{B93399B0-7E8C-4236-8D90-A3591F45FA4D}.Debug|x64.ActiveCfg = Debug|x64
		{B93399B0-7E8C-4236-8D90-A3591F45FA4D}.Debug|x64.Build.0 = Debug|x64
		{B93399B0-7E8C-4236-8D90-A3591F45FA4D}.Debug|x86.ActiveCfg = Debug|Win32
		{B93399B0-7E8C-4236-8D90-A3591F45FA4D}.Debug|x86.Build.0 = Debug|Win32
		{B93399B0-7E8C-4236-8D90-A3591F45FA4D}.Release|x64.ActiveCfg = Release|x64
		{B93399B0-7E8C-4236-8D90-A3591F45FA4D}.Release|x64.Build.0 = Release|x64
		{B93399B0-7E8C-4236-8D90-A3591F45FA4D}.Release|x86.ActiveCfg = Release|Win32
		{B93399B0-7E8C-4236-8D90-A3591F45FA4D}.Release|x86.Build.0 = Release|Win32
		{5961DFB6-D6CB-44AE-8B02-A6998BD18A22}.Debug|x64.ActiveCfg = Debug|x64
		{5961DFB6-D6CB-44AE-8B02-A6998BD18A22}.Debug|x64.Build.0 = Debug|x64
		{5961DFB6-D6CB-44AE-8B02-A6998BD18A22}.Debug|x86.ActiveCfg = Debug|Win32
		{5961DFB6-D6CB-44AE-8B02-A6998BD18A22}.Debug|x86.Build.0 = Debug|Win32
		{5961DFB6-D6CB-44AE-8B02-A6998BD18A22}.Release|x64.ActiveCfg = Release|x64
		{5961DFB6-D6CB-44AE-8B02-A6998BD18A22}.Release|x64.Build.0 = Release|x64
		{5961DFB6-D6CB-44AE-8B02-A6998BD18A22}.Release|x86.ActiveCfg = Release|Win32
		{5961DFB6-D6CB-44AE-8B02-A6998BD18A22}.Release|x86.Build.0 = Release|Win32
		{F1D969A1-58AF-48D5-9363-E0F250D6C84A}.Debug|x64.ActiveCfg = Debug|x64
		{F1D969A1-58AF-48D5-9363-E0F250D6C84A}.Debug|x64.Build.0 = Debug|x64
		{F1D969A1-58AF-48D5-9363-E0F250D6C84A}.Debug|x86.ActiveCfg = Debug|Win32
		{F1D969A1-58AF-48D5-9363-E0F250D6C84A}.Debug|x86.Build.0 = Debug|Win32
		{F1D969A1-58AF-48D5-9363-E0F250D6C84A}.Release|x64.ActiveCfg = Release|x64
		{F1D969A1-58AF-48D5-9363-E0F250D6C84A}.Release|x64.Build.0 = Release|x64
		{F1D969A1-58AF-48D5-9363-E0F250D6C84A}.Release|x86.ActiveCfg = Release|Win32
		{F1D969A1-58AF-48D5-9363-E0F250D6C84A}.Release|x86.Build.0 = Release|Win32
		{F8D38FCF-C9C9-44E3-99DD-F6F524826226}.Debug|x64.ActiveCfg = Debug|x64
		{F8D38FCF-C9C9-44E3-99DD-F6F524826226}.Debug|x64.Build.0 = Debug|x64
		{F8D38FCF-C9C9-44E3-99DD-F6F524826226}.Debug|x86.ActiveCfg = Debug|Win32
		{F8D38FCF-C9C9-44E3-99DD-F6F524826226}.Debug|x86.Build.0 = Debug|Win32
		{F8D38FCF-C9C9-44E3-99DD-F6F524826226}.Release|x64.ActiveCfg = Release|x64
		{F8D38FCF-C9C9-44E3-99DD-F6F524826226}.Release|x64.Build.0 = Release|x64
		{F8D38FCF-C9C9-44E3-99DD-F6F524826226}.Release|x86.ActiveCfg = Release|Win32
		{F8D38FCF-C9C9-44E3-99DD-F6F524826226}.Release|x86.Build.0 = Release|Win32
		{B64EA9BF-FB36-47F9-B083-5F8766A97A10}.Debug|x64.ActiveCfg = Debug|x64
		{B64EA9BF-FB36-47F9-B083-5F8766A97A10}.Debug|x64.Build.0 = Debug|x64
		{B64EA9BF-FB36-47F9-B083-5F8766A97A10}.Debug|x86.ActiveCfg = Debug|Win32
		{B64EA9BF-FB36-47F9-B083-5F8766A97A10}.Debug|x86.Build.0 = Debug|Win32
		{B64EA9BF-FB36-47F9-B083-5F8766A97A10}.Release|x64.ActiveCfg = Release|x64
		{B64EA9BF-FB36-47F9-B083-5F8766A97A10}.Release|x64.Build.0 = Release|x64
		{B64EA9BF-FB36-47F9-B083-5F8766A97A10}.Release|x86.ActiveCfg = Release|Win32
		{B64EA9BF-FB36-47F9-B083-5F8766A97A10}.Release|x86.Build.0 = Release|Win32
		{5EF5710A-2B58-4148-BD0F-E2245B100423}.Debug|x64.ActiveCfg = Debug|x64
		{5EF5710A-2B58-4148-BD0F-E2245B100423}.Debug|x64.Build.0 = Debug|x64
		{5EF5710A-2B58-4148-BD0F-E2245B100423}.Debug|x86.ActiveCfg = Debug|Win32
		{5EF5710A-2B58-4148-BD0F-E2245B100423}.Debug|x86.Build.0 = Debug|Win32
		{5EF5710A-2B58-4148-BD0F-E2245B100423}.Release|x64.ActiveCfg = Release|x64
		{5EF5710A-2B58-4148-BD0F-E2245B100423}.Release|x64.Build.0 = Release|x64
		{5EF5710A-2B58-4148-BD0F-E2245B100423}.Release|x86.ActiveCfg = Release|Win32
		{5EF5710A-2B58-4148-BD0F-E2245B100423}.Release|x86.Build.0 = Release|Win32
		{7040AF8A-3F7E-47B4-A344-3FE089A49000}.Debug|x64.ActiveCfg = Debug|x64
		{7040AF8A-3F7E-47B4-A344-3FE089A49000}.Debug|x64.Build.0 = Debug|x64
		{7040AF8A-3F7E-47B4-A344-3FE089A49000}.Debug|x86.ActiveCfg = Debug|Win32
		{7040AF8A-3F7E-47B4-A344-3FE089A49000}.Debug|x86.Build.0 = Debug|Win32
		{7040AF8A-3F7E-47B4-A344-3FE089A49000}.Release|x64.ActiveCfg = Release|x64
		{7040AF8A-3F7E-47B4-A344-3FE089A49000}.Release|x64.Build.0 = Release|x64
		{7040AF8A-3F7E-47B4-A344-3FE089A49000}.Release|x86.ActiveCfg = Release|Win32
		{7040AF8A-3F7E-47B4-A344-3FE089A49000}.Release|x86.Build.0 = Release|Win32
		{37EC9BFE-BB0B-448B-9A14-FE8A53645F6B}.Debug|x64.ActiveCfg = Debug|x64
		{37EC9BFE-BB0B-448B-9A14-FE8A53645F6B}.Debug|x64.Build.0 = Debug|x64
		{37EC9BFE-BB0B-448B-9A14-FE8A53645F6B}.Debug|x86.ActiveCfg = Debug|Win32
		{37EC9BFE-BB0B-448B-9A14-FE8A53645F6B}.Debug|x86.Build.0 = Debug|Win32
		{37EC9BFE-BB0B-448B-9A14-FE8A53645F6B}.Release|x64.ActiveCfg = Release|x64
		{37EC9BFE-BB0B-448B-9A14-FE8A53645F6B}.Release|x64.Build.0 = Release|x64
		{37EC9BFE-BB0B-448B-9A14-FE8A53645F6B}.Release|x86.ActiveCfg = Release|Win32
		{37EC9BFE-BB0B-448B-9A14-FE8A53645F6B}.Release|x86.Build.0 = Release|Win32
		{1A6B1ACE-10AB-4E74-9DB5-4BFF89D145C7}.Debug|x64.ActiveCfg = Debug|x64
		{1A6B1ACE-10AB-4E74-9DB5-4BFF89D145C7}.Debug|x64.Build.0 = Debug|x64
		{1A6B1ACE-10AB-4E74-9DB5-4BFF89D145C7}.Debug|x86.ActiveCfg = Debug|Win32
		{1A6B1ACE-10AB-4E74-9DB5-4BFF89D145C7}.Debug|x86.Build.0 = Debug|Win32
		{1A6B1ACE-10AB-4E74-9DB5-4BFF89D145C7}.Release|x64.ActiveCfg = Release|x64
		{1A6B1ACE-10AB-4E74-9DB5-4BFF89D145C7}.Release|x64.Build.0 = Release|x64
		{1A6B1ACE-10AB-4E74-9DB5-4BFF89D145C7}.Release|x86.ActiveCfg = Release|Win32
		{1A6B1ACE-10AB-4E74-9DB5-4BFF89D145C7}.Release|x86.Build.0 = Release|Win32
		{52228C8B-2EB6-4469-A37F-1079E736D699}.Debug|x64.ActiveCfg = Debug|x64
		{52228C8B-2EB6-4469-A37F-1079E736D699}.Debug|x64.Build.0 = Debug|x64
		{52228C8B-2EB6-4469-A37F-1079E736D699}.Debug|x86.ActiveCfg = Debug|Win32
		{52228C8B-2EB6-4469-A37F-1079E736D699}.Debug|x86.Build.0 = Debug|Win32
		{52228C8B-2EB6-4469-A37F-1079E736D699}.Release|x64.ActiveCfg = Release|x64
		{52228C8B-2EB6-4469-A37F-1079E736D699}.Release|x64.Build.0 = Release|x64
		{52228C8B-2EB6-4469-A37F-1079E736D699}.Release|x86.ActiveCfg = Release|Win32
		{52228C8B-2EB6-4469-A37F-1079E736D699}.Release|x86.Build.0 = Release|Win32
		{A06ADCAE-5585-412B-BB13-31E1AF6375C1}.Debug|x64.ActiveCfg = Debug|x64
		{A06ADCAE-5585-412B-BB13-31E1AF6375C1}.Debug|x64.Build.0 = Debug|x64
		{A06ADCAE-5585-412B-BB13-31E1AF6375C1}.Debug|x86.ActiveCfg = Debug|Win32
		{A06ADCAE-5585-412B-BB13-31E1AF6375C1}.Debug|x86.Build.0 = Debug|Win32
		{A06ADCAE-5585-412B-BB13-31E1AF6375C1}.Release|x64.ActiveCfg = Release|x64
		{A06ADCAE-5585-412B-BB13-31E1AF6375C1}.Release|x64.Build.0 = Release|x64
		{A06ADCAE-5585-412B-BB13-31E1AF6375C1}.Release|x86.ActiveCfg = Release|Win32
		{A06ADCAE-5585-412B-BB13-31E1AF6375C1}.Release|x86.Build.0 = Release|Win32
		{36EE9E72-48DC-44EA-BE6B-C6278909E9C0}.Debug|x64.ActiveCfg = Debug|x64
		{36EE9E72-48DC-44EA-BE6B-C6278909E9C0}.Debug|x64.Build.0 = Debug|x64
		{36EE9E72-48DC-44EA-BE6B-C6278909E9C0}.Debug|x86.ActiveCfg = Debug|Win32
		{36EE9E72-48DC-44EA-BE6B-C6278909E9C0}.Debug|x86.Build.0 = Debug|Win32
		{36EE9E72-48DC-44EA-BE6B-C6278909E9C0}.Release|x64.ActiveCfg = Release|x64
		{36EE9E72-48DC-44EA-BE6B-C6278909E9C0}.Release|x64.Build.0 = Release|x64
		{36EE9E72-48DC-44EA-BE6B-C6278909E9C0}.Release|x86.ActiveCfg = Release|Win32
		{36EE9E72-48DC-44EA-BE6B-C6278909E9C0}.Release|x86.Build.0 = Release|Win32
		{2B75F4F3-77A0-41A7-A872-6FFEBC1B1F8F}.Debug|x64.ActiveCfg = Debug|x64
		{2B75F4F3-77A0-41A7-A872-6FFEBC1B1F8F}.Debug|x64.Build.0 = Debug|x64
		{2B75F4F3-77A0-41A7-A872-6FFEBC1B1F8F}.Debug|x86.ActiveCfg = Debug|Win32
		{2B75F4F3-77A0-41A7-A872-6FFEBC1B1F8F}.Debug|x86.Build.0 = Debug|Win32
		{2B75F4F3-77A0-41A7-A872-6FFEBC1B1F8F}.Release|x64.ActiveCfg = Release|x64
		{2B75F4F3-77A0-41A7-A872-6FFEBC1B1F8F}.Release|x64.Build.0 = Release|x64
		{2B75F4F3-77A0-41A7-A872-6FFEBC1B1F8F}.Release|x86.ActiveCfg = Release|Win32
		{2B75F4F3-77A0-41A7-A872-6FFEBC1B1F8F}.Release|x86.Build.0 = Release|Win32
	EndGlobalSection
	GlobalSection(SolutionProperties) = preSolution
		HideSolutionNode = FALSE
	EndGlobalSection
	GlobalSection(NestedProjects) = preSolution
		{2FE43555-883C-4AC4-A476-EDB2F3905FDA} = {23B86ACC-DFF0-4120-A84D-9D02F47F0DA0}
		{A928D494-E8C2-4C7D-A272-63D69B27DBF2} = {23B86ACC-DFF0-4120-A84D-9D02F47F0DA0}
		{1F702156-0FB6-49F6-9B95-09483D5B100A} = {23B86ACC-DFF0-4120-A84D-9D02F47F0DA0}
		{5961DFB6-D6CB-44AE-8B02-A6998BD18A22} = {DEE2E787-85D2-4EB9-9017-9BFE49490EE3}
		{52228C8B-2EB6-4469-A37F-1079E736D699} = {DEE2E787-85D2-4EB9-9017-9BFE49490EE3}
	EndGlobalSection
	GlobalSection(ExtensibilityGlobals) = postSolution
		SolutionGuid = {A88EF238-28D8-441E-ACDB-2BD71FBD91AF}
	EndGlobalSection
EndGlobal
